{
  "name": "test-web",
  "lockfileVersion": 3,
  "requires": true,
  "packages": {
    "": {
      "dependencies": {
        "react-complex-tree": "^2.6.0"
      }
    },
    "node_modules/react": {
      "version": "19.1.0",
      "resolved": "https://registry.npmjs.org/react/-/react-19.1.0.tgz",
      "integrity": "sha512-FS+XFBNvn3GTAWq26joslQgWNoFu08F4kl0J4CgdNKADkdSGXQyTCnKteIAJy96Br6YbpEU1LSzV5dYtjMkMDg==",
      "license": "MIT",
      "peer": true,
      "engines": {
        "node": ">=0.10.0"
      }
    },
    "node_modules/react-complex-tree": {
      "version": "2.6.0",
      "resolved": "https://registry.npmjs.org/react-complex-tree/-/react-complex-tree-2.6.0.tgz",
      "integrity": "sha512-kDDuWih5VUz9cXgTKGnDBnMMoM4lvbn3/yCPs2D0jI9Z724BNeraeA5yBqyKqbIRhESQOlCyAyYW9WUqljFP1Q==",
      "license": "MIT",
      "funding": {
        "url": "https://github.com/sponsors/lukasbach"
      },
      "peerDependencies": {
        "react": ">=16.0.0"
      }
    }
  }
}
